
Microsoft Visual Studio Solution File, Format Version 12.00
# Visual Studio 15
VisualStudioVersion = 15.0.27428.1
MinimumVisualStudioVersion = 10.0.40219.1
Project("{8BC9CEB8-8B4A-11D0-8D11-00A0C91BC942}") = "practice", "practice\practice.vcxproj", "{D6D3C9D2-DCF3-4661-9BED-C7BEED632B02}"
EndProject
Project("{8BC9CEB8-8B4A-11D0-8D11-00A0C91BC942}") = "lua_script_function", "lua_script_function\lua_script_function.vcxproj", "{354444D6-8DA7-4D3E-9BD5-AB567AEBAC73}"
EndProject
Global
	GlobalSection(SolutionConfigurationPlatforms) = preSolution
		Debug|x64 = Debug|x64
		Debug|x86 = Debug|x86
		Release|x64 = Release|x64
		Release|x86 = Release|x86
	EndGlobalSection
	GlobalSection(ProjectConfigurationPlatforms) = postSolution
		{D6D3C9D2-DCF3-4661-9BED-C7BEED632B02}.Debug|x64.ActiveCfg = Debug|x64
		{D6D3C9D2-DCF3-4661-9BED-C7BEED632B02}.Debug|x64.Build.0 = Debug|x64
		{D6D3C9D2-DCF3-4661-9BED-C7BEED632B02}.Debug|x86.ActiveCfg = Debug|Win32
		{D6D3C9D2-DCF3-4661-9BED-C7BEED632B02}.Debug|x86.Build.0 = Debug|Win32
		{D6D3C9D2-DCF3-4661-9BED-C7BEED632B02}.Release|x64.ActiveCfg = Release|x64
		{D6D3C9D2-DCF3-4661-9BED-C7BEED632B02}.Release|x64.Build.0 = Release|x64
		{D6D3C9D2-DCF3-4661-9BED-C7BEED632B02}.Release|x86.ActiveCfg = Release|Win32
		{D6D3C9D2-DCF3-4661-9BED-C7BEED632B02}.Release|x86.Build.0 = Release|Win32
		{354444D6-8DA7-4D3E-9BD5-AB567AEBAC73}.Debug|x64.ActiveCfg = Debug|x64
		{354444D6-8DA7-4D3E-9BD5-AB567AEBAC73}.Debug|x64.Build.0 = Debug|x64
		{354444D6-8DA7-4D3E-9BD5-AB567AEBAC73}.Debug|x86.ActiveCfg = Debug|Win32
		{354444D6-8DA7-4D3E-9BD5-AB567AEBAC73}.Debug|x86.Build.0 = Debug|Win32
		{354444D6-8DA7-4D3E-9BD5-AB567AEBAC73}.Release|x64.ActiveCfg = Release|x64
		{354444D6-8DA7-4D3E-9BD5-AB567AEBAC73}.Release|x64.Build.0 = Release|x64
		{354444D6-8DA7-4D3E-9BD5-AB567AEBAC73}.Release|x86.ActiveCfg = Release|Win32
		{354444D6-8DA7-4D3E-9BD5-AB567AEBAC73}.Release|x86.Build.0 = Release|Win32
	EndGlobalSection
	GlobalSection(SolutionProperties) = preSolution
		HideSolutionNode = FALSE
	EndGlobalSection
	GlobalSection(ExtensibilityGlobals) = postSolution
		SolutionGuid = {CAE6A99E-BD92-4152-ABE5-D1EE0C65511E}
	EndGlobalSection
EndGlobal
