<?xml version="1.0" encoding="utf-8"?>
<Project ToolsVersion="4.0" xmlns="http://schemas.microsoft.com/developer/msbuild/2003">
  <ItemGroup>
    <Filter Include="src">
      <UniqueIdentifier>{4FC737F1-C7A5-4376-A066-2A32D752A2FF}</UniqueIdentifier>
      <Extensions>cpp;c;cc;cxx;def;odl;idl;hpj;bat;asm;asmx</Extensions>
    </Filter>
    <Filter Include="json">
      <UniqueIdentifier>{93995380-89BD-4b04-88EB-625FBE52EBFB}</UniqueIdentifier>
      <Extensions>h;hh;hpp;hxx;hm;inl;inc;xsd</Extensions>
    </Filter>
    <Filter Include="json\include">
      <UniqueIdentifier>{9e743154-02f0-47cb-b866-7710f5c90f66}</UniqueIdentifier>
    </Filter>
    <Filter Include="json\src">
      <UniqueIdentifier>{40056e08-ab6f-489b-946c-76cd1fcbd743}</UniqueIdentifier>
    </Filter>
  </ItemGroup>
  <ItemGroup>
    <ClInclude Include="json\include\json\allocator.h">
      <Filter>json\include</Filter>
    </ClInclude>
    <ClInclude Include="json\include\json\assertions.h">
      <Filter>json\include</Filter>
    </ClInclude>
    <ClInclude Include="json\include\json\autolink.h">
      <Filter>json\include</Filter>
    </ClInclude>
    <ClInclude Include="json\include\json\config.h">
      <Filter>json\include</Filter>
    </ClInclude>
    <ClInclude Include="json\include\json\features.h">
      <Filter>json\include</Filter>
    </ClInclude>
    <ClInclude Include="json\include\json\forwards.h">
      <Filter>json\include</Filter>
    </ClInclude>
    <ClInclude Include="json\include\json\json.h">
      <Filter>json\include</Filter>
    </ClInclude>
    <ClInclude Include="json\include\json\reader.h">
      <Filter>json\include</Filter>
    </ClInclude>
    <ClInclude Include="json\include\json\value.h">
      <Filter>json\include</Filter>
    </ClInclude>
    <ClInclude Include="json\include\json\version.h">
      <Filter>json\include</Filter>
    </ClInclude>
    <ClInclude Include="json\include\json\writer.h">
      <Filter>json\include</Filter>
    </ClInclude>
    <ClInclude Include="json\src\lib_json\json_tool.h">
      <Filter>json\src</Filter>
    </ClInclude>
    <ClInclude Include="src\Config.h">
      <Filter>src</Filter>
    </ClInclude>
  </ItemGroup>
  <ItemGroup>
    <ClCompile Include="json\src\lib_json\json_reader.cpp">
      <Filter>json\src</Filter>
    </ClCompile>
    <ClCompile Include="json\src\lib_json\json_value.cpp">
      <Filter>json\src</Filter>
    </ClCompile>
    <ClCompile Include="json\src\lib_json\json_writer.cpp">
      <Filter>json\src</Filter>
    </ClCompile>
    <ClCompile Include="src\Config.cpp">
      <Filter>src</Filter>
    </ClCompile>
    <ClCompile Include="src\main.cpp">
      <Filter>src</Filter>
    </ClCompile>
  </ItemGroup>
  <ItemGroup>
    <None Include="json\src\lib_json\json_valueiterator.inl">
      <Filter>json\src</Filter>
    </None>
  </ItemGroup>
</Project>