
Microsoft Visual Studio Solution File, Format Version 12.00
# Visual Studio 15
VisualStudioVersion = 15.0.26430.15
MinimumVisualStudioVersion = 10.0.40219.1
Project("{2150E333-8FDC-42A3-9474-1A3956D46DE8}") = "depend", "depend", "{1727D1BA-20E0-45DA-9DB8-5132AAF5F7E0}"
EndProject
Project("{2150E333-8FDC-42A3-9474-1A3956D46DE8}") = "maker", "maker", "{1104C028-8EEB-4EB5-A27C-2275118579B1}"
EndProject
Project("{8BC9CEB8-8B4A-11D0-8D11-00A0C91BC942}") = "maker", "maker\maker\maker.vcxproj", "{A991152D-2B4E-4446-86FA-A7D3E7834BF2}"
	ProjectSection(ProjectDependencies) = postProject
		{85E96C68-F967-4FE4-B234-86AEF4D1F0C1} = {85E96C68-F967-4FE4-B234-86AEF4D1F0C1}
		{02CACAD4-EB0A-4CD6-9231-0B6FFD8FB92D} = {02CACAD4-EB0A-4CD6-9231-0B6FFD8FB92D}
	EndProjectSection
EndProject
Project("{8BC9CEB8-8B4A-11D0-8D11-00A0C91BC942}") = "utility", "maker\utility\utility.vcxproj", "{625A76FF-C524-472C-8FCC-F46BA7845008}"
EndProject
Project("{2150E333-8FDC-42A3-9474-1A3956D46DE8}") = "exporter", "exporter", "{9998E373-A566-4ABF-B7DF-EA189555EF1B}"
EndProject
Project("{8BC9CEB8-8B4A-11D0-8D11-00A0C91BC942}") = "cpp", "maker\cpp\cpp.vcxproj", "{02CACAD4-EB0A-4CD6-9231-0B6FFD8FB92D}"
	ProjectSection(ProjectDependencies) = postProject
		{625A76FF-C524-472C-8FCC-F46BA7845008} = {625A76FF-C524-472C-8FCC-F46BA7845008}
	EndProjectSection
EndProject
Project("{8BC9CEB8-8B4A-11D0-8D11-00A0C91BC942}") = "csharp", "maker\csharp\csharp.vcxproj", "{85E96C68-F967-4FE4-B234-86AEF4D1F0C1}"
	ProjectSection(ProjectDependencies) = postProject
		{625A76FF-C524-472C-8FCC-F46BA7845008} = {625A76FF-C524-472C-8FCC-F46BA7845008}
	EndProjectSection
EndProject
Project("{2150E333-8FDC-42A3-9474-1A3956D46DE8}") = "test", "test", "{5ABD3AED-6300-4A6A-A6CC-5841170A75FE}"
EndProject
Project("{8BC9CEB8-8B4A-11D0-8D11-00A0C91BC942}") = "test_cpp", "test\test_cpp\test_cpp.vcxproj", "{575D069B-1B1F-4B33-850E-4AA1DA14EAEC}"
	ProjectSection(ProjectDependencies) = postProject
		{64C81055-026A-4E8D-B3AC-A2298438CE37} = {64C81055-026A-4E8D-B3AC-A2298438CE37}
	EndProjectSection
EndProject
Project("{8BC9CEB8-8B4A-11D0-8D11-00A0C91BC942}") = "test_dll", "test\test_dll\test_dll.vcxproj", "{27EA9D48-67BA-46A4-9213-2008C0A4F41E}"
	ProjectSection(ProjectDependencies) = postProject
		{64C81055-026A-4E8D-B3AC-A2298438CE37} = {64C81055-026A-4E8D-B3AC-A2298438CE37}
	EndProjectSection
EndProject
Project("{FAE04EC0-301F-11D3-BF4B-00C04F79EFBC}") = "test_cs", "test\test_cs\test_cs.csproj", "{12E13BF8-680A-4CAC-A4E4-9DD193B6F8AB}"
	ProjectSection(ProjectDependencies) = postProject
		{27EA9D48-67BA-46A4-9213-2008C0A4F41E} = {27EA9D48-67BA-46A4-9213-2008C0A4F41E}
	EndProjectSection
EndProject
Project("{8BC9CEB8-8B4A-11D0-8D11-00A0C91BC942}") = "gcf", "test\gcf\gcf.vcxproj", "{64C81055-026A-4E8D-B3AC-A2298438CE37}"
EndProject
Project("{8BC9CEB8-8B4A-11D0-8D11-00A0C91BC942}") = "lib_json", "depend\json\makefiles\msvc2010\lib_json.vcxproj", "{1E6C2C1C-6453-4129-AE3F-0EE8E6599C89}"
EndProject
Global
	GlobalSection(SolutionConfigurationPlatforms) = preSolution
		Debug|Any CPU = Debug|Any CPU
		Debug|x64 = Debug|x64
		Debug|x86 = Debug|x86
		Release|Any CPU = Release|Any CPU
		Release|x64 = Release|x64
		Release|x86 = Release|x86
	EndGlobalSection
	GlobalSection(ProjectConfigurationPlatforms) = postSolution
		{A991152D-2B4E-4446-86FA-A7D3E7834BF2}.Debug|Any CPU.ActiveCfg = Debug|Win32
		{A991152D-2B4E-4446-86FA-A7D3E7834BF2}.Debug|x64.ActiveCfg = Debug|x64
		{A991152D-2B4E-4446-86FA-A7D3E7834BF2}.Debug|x64.Build.0 = Debug|x64
		{A991152D-2B4E-4446-86FA-A7D3E7834BF2}.Debug|x86.ActiveCfg = Debug|Win32
		{A991152D-2B4E-4446-86FA-A7D3E7834BF2}.Debug|x86.Build.0 = Debug|Win32
		{A991152D-2B4E-4446-86FA-A7D3E7834BF2}.Release|Any CPU.ActiveCfg = Release|Win32
		{A991152D-2B4E-4446-86FA-A7D3E7834BF2}.Release|x64.ActiveCfg = Release|x64
		{A991152D-2B4E-4446-86FA-A7D3E7834BF2}.Release|x64.Build.0 = Release|x64
		{A991152D-2B4E-4446-86FA-A7D3E7834BF2}.Release|x86.ActiveCfg = Release|Win32
		{A991152D-2B4E-4446-86FA-A7D3E7834BF2}.Release|x86.Build.0 = Release|Win32
		{625A76FF-C524-472C-8FCC-F46BA7845008}.Debug|Any CPU.ActiveCfg = Debug|Win32
		{625A76FF-C524-472C-8FCC-F46BA7845008}.Debug|x64.ActiveCfg = Debug|x64
		{625A76FF-C524-472C-8FCC-F46BA7845008}.Debug|x64.Build.0 = Debug|x64
		{625A76FF-C524-472C-8FCC-F46BA7845008}.Debug|x86.ActiveCfg = Debug|Win32
		{625A76FF-C524-472C-8FCC-F46BA7845008}.Debug|x86.Build.0 = Debug|Win32
		{625A76FF-C524-472C-8FCC-F46BA7845008}.Release|Any CPU.ActiveCfg = Release|Win32
		{625A76FF-C524-472C-8FCC-F46BA7845008}.Release|x64.ActiveCfg = Release|x64
		{625A76FF-C524-472C-8FCC-F46BA7845008}.Release|x64.Build.0 = Release|x64
		{625A76FF-C524-472C-8FCC-F46BA7845008}.Release|x86.ActiveCfg = Release|Win32
		{625A76FF-C524-472C-8FCC-F46BA7845008}.Release|x86.Build.0 = Release|Win32
		{02CACAD4-EB0A-4CD6-9231-0B6FFD8FB92D}.Debug|Any CPU.ActiveCfg = Debug|Win32
		{02CACAD4-EB0A-4CD6-9231-0B6FFD8FB92D}.Debug|x64.ActiveCfg = Debug|x64
		{02CACAD4-EB0A-4CD6-9231-0B6FFD8FB92D}.Debug|x64.Build.0 = Debug|x64
		{02CACAD4-EB0A-4CD6-9231-0B6FFD8FB92D}.Debug|x86.ActiveCfg = Debug|Win32
		{02CACAD4-EB0A-4CD6-9231-0B6FFD8FB92D}.Debug|x86.Build.0 = Debug|Win32
		{02CACAD4-EB0A-4CD6-9231-0B6FFD8FB92D}.Release|Any CPU.ActiveCfg = Release|Win32
		{02CACAD4-EB0A-4CD6-9231-0B6FFD8FB92D}.Release|x64.ActiveCfg = Release|x64
		{02CACAD4-EB0A-4CD6-9231-0B6FFD8FB92D}.Release|x64.Build.0 = Release|x64
		{02CACAD4-EB0A-4CD6-9231-0B6FFD8FB92D}.Release|x86.ActiveCfg = Release|Win32
		{02CACAD4-EB0A-4CD6-9231-0B6FFD8FB92D}.Release|x86.Build.0 = Release|Win32
		{85E96C68-F967-4FE4-B234-86AEF4D1F0C1}.Debug|Any CPU.ActiveCfg = Debug|Win32
		{85E96C68-F967-4FE4-B234-86AEF4D1F0C1}.Debug|x64.ActiveCfg = Debug|x64
		{85E96C68-F967-4FE4-B234-86AEF4D1F0C1}.Debug|x64.Build.0 = Debug|x64
		{85E96C68-F967-4FE4-B234-86AEF4D1F0C1}.Debug|x86.ActiveCfg = Debug|Win32
		{85E96C68-F967-4FE4-B234-86AEF4D1F0C1}.Debug|x86.Build.0 = Debug|Win32
		{85E96C68-F967-4FE4-B234-86AEF4D1F0C1}.Release|Any CPU.ActiveCfg = Release|Win32
		{85E96C68-F967-4FE4-B234-86AEF4D1F0C1}.Release|x64.ActiveCfg = Release|x64
		{85E96C68-F967-4FE4-B234-86AEF4D1F0C1}.Release|x64.Build.0 = Release|x64
		{85E96C68-F967-4FE4-B234-86AEF4D1F0C1}.Release|x86.ActiveCfg = Release|Win32
		{85E96C68-F967-4FE4-B234-86AEF4D1F0C1}.Release|x86.Build.0 = Release|Win32
		{575D069B-1B1F-4B33-850E-4AA1DA14EAEC}.Debug|Any CPU.ActiveCfg = Debug|Win32
		{575D069B-1B1F-4B33-850E-4AA1DA14EAEC}.Debug|x64.ActiveCfg = Debug|x64
		{575D069B-1B1F-4B33-850E-4AA1DA14EAEC}.Debug|x64.Build.0 = Debug|x64
		{575D069B-1B1F-4B33-850E-4AA1DA14EAEC}.Debug|x86.ActiveCfg = Debug|Win32
		{575D069B-1B1F-4B33-850E-4AA1DA14EAEC}.Debug|x86.Build.0 = Debug|Win32
		{575D069B-1B1F-4B33-850E-4AA1DA14EAEC}.Release|Any CPU.ActiveCfg = Release|Win32
		{575D069B-1B1F-4B33-850E-4AA1DA14EAEC}.Release|x64.ActiveCfg = Release|x64
		{575D069B-1B1F-4B33-850E-4AA1DA14EAEC}.Release|x64.Build.0 = Release|x64
		{575D069B-1B1F-4B33-850E-4AA1DA14EAEC}.Release|x86.ActiveCfg = Release|Win32
		{575D069B-1B1F-4B33-850E-4AA1DA14EAEC}.Release|x86.Build.0 = Release|Win32
		{27EA9D48-67BA-46A4-9213-2008C0A4F41E}.Debug|Any CPU.ActiveCfg = Debug|Win32
		{27EA9D48-67BA-46A4-9213-2008C0A4F41E}.Debug|x64.ActiveCfg = Debug|x64
		{27EA9D48-67BA-46A4-9213-2008C0A4F41E}.Debug|x64.Build.0 = Debug|x64
		{27EA9D48-67BA-46A4-9213-2008C0A4F41E}.Debug|x86.ActiveCfg = Debug|Win32
		{27EA9D48-67BA-46A4-9213-2008C0A4F41E}.Debug|x86.Build.0 = Debug|Win32
		{27EA9D48-67BA-46A4-9213-2008C0A4F41E}.Release|Any CPU.ActiveCfg = Release|Win32
		{27EA9D48-67BA-46A4-9213-2008C0A4F41E}.Release|x64.ActiveCfg = Release|x64
		{27EA9D48-67BA-46A4-9213-2008C0A4F41E}.Release|x64.Build.0 = Release|x64
		{27EA9D48-67BA-46A4-9213-2008C0A4F41E}.Release|x86.ActiveCfg = Release|Win32
		{27EA9D48-67BA-46A4-9213-2008C0A4F41E}.Release|x86.Build.0 = Release|Win32
		{12E13BF8-680A-4CAC-A4E4-9DD193B6F8AB}.Debug|Any CPU.ActiveCfg = Debug|Any CPU
		{12E13BF8-680A-4CAC-A4E4-9DD193B6F8AB}.Debug|Any CPU.Build.0 = Debug|Any CPU
		{12E13BF8-680A-4CAC-A4E4-9DD193B6F8AB}.Debug|x64.ActiveCfg = Debug|Any CPU
		{12E13BF8-680A-4CAC-A4E4-9DD193B6F8AB}.Debug|x64.Build.0 = Debug|Any CPU
		{12E13BF8-680A-4CAC-A4E4-9DD193B6F8AB}.Debug|x86.ActiveCfg = Debug|Any CPU
		{12E13BF8-680A-4CAC-A4E4-9DD193B6F8AB}.Debug|x86.Build.0 = Debug|Any CPU
		{12E13BF8-680A-4CAC-A4E4-9DD193B6F8AB}.Release|Any CPU.ActiveCfg = Release|Any CPU
		{12E13BF8-680A-4CAC-A4E4-9DD193B6F8AB}.Release|Any CPU.Build.0 = Release|Any CPU
		{12E13BF8-680A-4CAC-A4E4-9DD193B6F8AB}.Release|x64.ActiveCfg = Release|Any CPU
		{12E13BF8-680A-4CAC-A4E4-9DD193B6F8AB}.Release|x64.Build.0 = Release|Any CPU
		{12E13BF8-680A-4CAC-A4E4-9DD193B6F8AB}.Release|x86.ActiveCfg = Release|Any CPU
		{12E13BF8-680A-4CAC-A4E4-9DD193B6F8AB}.Release|x86.Build.0 = Release|Any CPU
		{64C81055-026A-4E8D-B3AC-A2298438CE37}.Debug|Any CPU.ActiveCfg = Debug|Win32
		{64C81055-026A-4E8D-B3AC-A2298438CE37}.Debug|x64.ActiveCfg = Debug|x64
		{64C81055-026A-4E8D-B3AC-A2298438CE37}.Debug|x64.Build.0 = Debug|x64
		{64C81055-026A-4E8D-B3AC-A2298438CE37}.Debug|x86.ActiveCfg = Debug|Win32
		{64C81055-026A-4E8D-B3AC-A2298438CE37}.Debug|x86.Build.0 = Debug|Win32
		{64C81055-026A-4E8D-B3AC-A2298438CE37}.Release|Any CPU.ActiveCfg = Release|Win32
		{64C81055-026A-4E8D-B3AC-A2298438CE37}.Release|x64.ActiveCfg = Release|x64
		{64C81055-026A-4E8D-B3AC-A2298438CE37}.Release|x64.Build.0 = Release|x64
		{64C81055-026A-4E8D-B3AC-A2298438CE37}.Release|x86.ActiveCfg = Release|Win32
		{64C81055-026A-4E8D-B3AC-A2298438CE37}.Release|x86.Build.0 = Release|Win32
		{1E6C2C1C-6453-4129-AE3F-0EE8E6599C89}.Debug|Any CPU.ActiveCfg = Debug|Win32
		{1E6C2C1C-6453-4129-AE3F-0EE8E6599C89}.Debug|x64.ActiveCfg = Debug|x64
		{1E6C2C1C-6453-4129-AE3F-0EE8E6599C89}.Debug|x64.Build.0 = Debug|x64
		{1E6C2C1C-6453-4129-AE3F-0EE8E6599C89}.Debug|x86.ActiveCfg = Debug|Win32
		{1E6C2C1C-6453-4129-AE3F-0EE8E6599C89}.Debug|x86.Build.0 = Debug|Win32
		{1E6C2C1C-6453-4129-AE3F-0EE8E6599C89}.Release|Any CPU.ActiveCfg = Release|Win32
		{1E6C2C1C-6453-4129-AE3F-0EE8E6599C89}.Release|x64.ActiveCfg = Release|x64
		{1E6C2C1C-6453-4129-AE3F-0EE8E6599C89}.Release|x64.Build.0 = Release|x64
		{1E6C2C1C-6453-4129-AE3F-0EE8E6599C89}.Release|x86.ActiveCfg = Release|Win32
		{1E6C2C1C-6453-4129-AE3F-0EE8E6599C89}.Release|x86.Build.0 = Release|Win32
	EndGlobalSection
	GlobalSection(SolutionProperties) = preSolution
		HideSolutionNode = FALSE
	EndGlobalSection
	GlobalSection(NestedProjects) = preSolution
		{A991152D-2B4E-4446-86FA-A7D3E7834BF2} = {1104C028-8EEB-4EB5-A27C-2275118579B1}
		{625A76FF-C524-472C-8FCC-F46BA7845008} = {1104C028-8EEB-4EB5-A27C-2275118579B1}
		{9998E373-A566-4ABF-B7DF-EA189555EF1B} = {1104C028-8EEB-4EB5-A27C-2275118579B1}
		{02CACAD4-EB0A-4CD6-9231-0B6FFD8FB92D} = {9998E373-A566-4ABF-B7DF-EA189555EF1B}
		{85E96C68-F967-4FE4-B234-86AEF4D1F0C1} = {9998E373-A566-4ABF-B7DF-EA189555EF1B}
		{575D069B-1B1F-4B33-850E-4AA1DA14EAEC} = {5ABD3AED-6300-4A6A-A6CC-5841170A75FE}
		{27EA9D48-67BA-46A4-9213-2008C0A4F41E} = {5ABD3AED-6300-4A6A-A6CC-5841170A75FE}
		{12E13BF8-680A-4CAC-A4E4-9DD193B6F8AB} = {5ABD3AED-6300-4A6A-A6CC-5841170A75FE}
		{64C81055-026A-4E8D-B3AC-A2298438CE37} = {5ABD3AED-6300-4A6A-A6CC-5841170A75FE}
		{1E6C2C1C-6453-4129-AE3F-0EE8E6599C89} = {1727D1BA-20E0-45DA-9DB8-5132AAF5F7E0}
	EndGlobalSection
EndGlobal
