<?xml version="1.0" encoding="utf-8"?>
<Project ToolsVersion="4.0" xmlns="http://schemas.microsoft.com/developer/msbuild/2003">
  <ItemGroup>
    <Filter Include="src">
      <UniqueIdentifier>{4FC737F1-C7A5-4376-A066-2A32D752A2FF}</UniqueIdentifier>
      <Extensions>cpp;c;cc;cxx;def;odl;idl;hpj;bat;asm;asmx</Extensions>
    </Filter>
    <Filter Include="fb">
      <UniqueIdentifier>{2787422c-bd9b-4e8e-b0a4-9c82b0e6ecb9}</UniqueIdentifier>
    </Filter>
    <Filter Include="src\parser">
      <UniqueIdentifier>{c53f1013-e3dc-4546-9252-fb3b025cbbad}</UniqueIdentifier>
    </Filter>
    <Filter Include="src\gcf">
      <UniqueIdentifier>{de2ca6e3-46a6-440c-b11b-8f6ac6dfcc8d}</UniqueIdentifier>
    </Filter>
  </ItemGroup>
  <ItemGroup>
    <None Include="fb\parser.y">
      <Filter>fb</Filter>
    </None>
    <None Include="fb\scanner.l">
      <Filter>fb</Filter>
    </None>
  </ItemGroup>
  <ItemGroup>
    <ClCompile Include="src\main.cpp">
      <Filter>src</Filter>
    </ClCompile>
    <ClCompile Include="src\Context.cpp">
      <Filter>src\parser</Filter>
    </ClCompile>
    <ClCompile Include="src\Driver.cpp">
      <Filter>src\parser</Filter>
    </ClCompile>
    <ClCompile Include="src\FileData.cpp">
      <Filter>src\parser</Filter>
    </ClCompile>
    <ClCompile Include="src\Parser.cpp">
      <Filter>src\parser</Filter>
    </ClCompile>
    <ClCompile Include="src\Scanner.cpp">
      <Filter>src\parser</Filter>
    </ClCompile>
    <ClCompile Include="src\Scope.cpp">
      <Filter>src\gcf</Filter>
    </ClCompile>
    <ClCompile Include="src\Set.cpp">
      <Filter>src\gcf</Filter>
    </ClCompile>
    <ClCompile Include="src\Type.cpp">
      <Filter>src\gcf</Filter>
    </ClCompile>
    <ClCompile Include="src\Value.cpp">
      <Filter>src\gcf</Filter>
    </ClCompile>
    <ClCompile Include="src\ValueUtil.cpp">
      <Filter>src\gcf</Filter>
    </ClCompile>
    <ClCompile Include="src\Variate.cpp">
      <Filter>src\gcf</Filter>
    </ClCompile>
    <ClCompile Include="src\Args.cpp">
      <Filter>src</Filter>
    </ClCompile>
    <ClCompile Include="src\GcfFlexLexer.cpp">
      <Filter>src\parser</Filter>
    </ClCompile>
    <ClCompile Include="src\DllModule.cpp">
      <Filter>src</Filter>
    </ClCompile>
    <ClCompile Include="src\Attribute.cpp">
      <Filter>src\gcf</Filter>
    </ClCompile>
  </ItemGroup>
  <ItemGroup>
    <ClInclude Include="src\Context.h">
      <Filter>src\parser</Filter>
    </ClInclude>
    <ClInclude Include="src\Driver.h">
      <Filter>src\parser</Filter>
    </ClInclude>
    <ClInclude Include="src\FileData.h">
      <Filter>src\parser</Filter>
    </ClInclude>
    <ClInclude Include="src\FlexLexer.h">
      <Filter>src\parser</Filter>
    </ClInclude>
    <ClInclude Include="src\location.hh">
      <Filter>src\parser</Filter>
    </ClInclude>
    <ClInclude Include="src\Parser.hpp">
      <Filter>src\parser</Filter>
    </ClInclude>
    <ClInclude Include="src\position.hh">
      <Filter>src\parser</Filter>
    </ClInclude>
    <ClInclude Include="src\Scanner.h">
      <Filter>src\parser</Filter>
    </ClInclude>
    <ClInclude Include="src\stack.hh">
      <Filter>src\parser</Filter>
    </ClInclude>
    <ClInclude Include="src\Scope.h">
      <Filter>src\gcf</Filter>
    </ClInclude>
    <ClInclude Include="src\Set.h">
      <Filter>src\gcf</Filter>
    </ClInclude>
    <ClInclude Include="src\Type.h">
      <Filter>src\gcf</Filter>
    </ClInclude>
    <ClInclude Include="src\Value.h">
      <Filter>src\gcf</Filter>
    </ClInclude>
    <ClInclude Include="src\ValueUtil.h">
      <Filter>src\gcf</Filter>
    </ClInclude>
    <ClInclude Include="src\Variate.h">
      <Filter>src\gcf</Filter>
    </ClInclude>
    <ClInclude Include="src\Args.h">
      <Filter>src</Filter>
    </ClInclude>
    <ClInclude Include="..\include\gcf\gcf.h" />
    <ClInclude Include="src\DllModule.h">
      <Filter>src</Filter>
    </ClInclude>
    <ClInclude Include="src\Attribute.h">
      <Filter>src\gcf</Filter>
    </ClInclude>
    <ClInclude Include="src\Location.h">
      <Filter>src\gcf</Filter>
    </ClInclude>
  </ItemGroup>
</Project>