<?xml version="1.0" encoding="utf-8"?>
<Project ToolsVersion="4.0" xmlns="http://schemas.microsoft.com/developer/msbuild/2003">
  <ItemGroup>
    <Filter Include="src">
      <UniqueIdentifier>{93995380-89BD-4b04-88EB-625FBE52EBFB}</UniqueIdentifier>
      <Extensions>h;hh;hpp;hxx;hm;inl;inc;xsd</Extensions>
    </Filter>
    <Filter Include="fb">
      <UniqueIdentifier>{aecb4e16-1b29-43a6-96ad-b99fdd66f7ec}</UniqueIdentifier>
    </Filter>
    <Filter Include="src\context">
      <UniqueIdentifier>{9a4ae8d7-76a7-40bc-a0c9-4e54b55af57a}</UniqueIdentifier>
    </Filter>
    <Filter Include="src\parser">
      <UniqueIdentifier>{7b2e8ade-0bb8-485e-8c67-1fd01ed5b49b}</UniqueIdentifier>
    </Filter>
    <Filter Include="src\exporter">
      <UniqueIdentifier>{91122456-8509-4b2c-915d-aba3d502e33d}</UniqueIdentifier>
    </Filter>
    <Filter Include="src\exporter\cpp">
      <UniqueIdentifier>{474be6da-f9fa-4177-a0d7-2dc77372bade}</UniqueIdentifier>
    </Filter>
    <Filter Include="src\exporter\cfg">
      <UniqueIdentifier>{f33ac415-0f58-4c9c-b430-e7bdb7dd8fb0}</UniqueIdentifier>
    </Filter>
    <Filter Include="src\utility">
      <UniqueIdentifier>{144d3f3e-71ea-4961-abfa-654a5e3a51c0}</UniqueIdentifier>
    </Filter>
    <Filter Include="src\exporter\csharp">
      <UniqueIdentifier>{303dc1a9-14ff-4fc6-9270-e184de50361d}</UniqueIdentifier>
    </Filter>
  </ItemGroup>
  <ItemGroup>
    <ClCompile Include="main.cpp">
      <Filter>src</Filter>
    </ClCompile>
    <ClCompile Include="CfgFlexLexer.cpp">
      <Filter>src\parser</Filter>
    </ClCompile>
    <ClCompile Include="Scanner.cpp">
      <Filter>src\parser</Filter>
    </ClCompile>
    <ClCompile Include="Parser.cpp">
      <Filter>src\parser</Filter>
    </ClCompile>
    <ClCompile Include="Context.cpp">
      <Filter>src\context</Filter>
    </ClCompile>
    <ClCompile Include="Variate.cpp">
      <Filter>src\context</Filter>
    </ClCompile>
    <ClCompile Include="Utility.cpp">
      <Filter>src\utility</Filter>
    </ClCompile>
    <ClCompile Include="ValueUtil.cpp">
      <Filter>src\utility</Filter>
    </ClCompile>
    <ClCompile Include="Type.cpp">
      <Filter>src\context</Filter>
    </ClCompile>
    <ClCompile Include="Set.cpp">
      <Filter>src\context</Filter>
    </ClCompile>
    <ClCompile Include="Value.cpp">
      <Filter>src\context</Filter>
    </ClCompile>
    <ClCompile Include="CppExporter.cpp">
      <Filter>src\exporter\cpp</Filter>
    </ClCompile>
    <ClCompile Include="CppUtil.cpp">
      <Filter>src\exporter\cpp</Filter>
    </ClCompile>
    <ClCompile Include="FileData.cpp">
      <Filter>src\context</Filter>
    </ClCompile>
    <ClCompile Include="TabCreater.cpp">
      <Filter>src\exporter\cfg</Filter>
    </ClCompile>
    <ClCompile Include="JsonCreater.cpp">
      <Filter>src\exporter\cfg</Filter>
    </ClCompile>
    <ClCompile Include="Driver.cpp">
      <Filter>src\context</Filter>
    </ClCompile>
    <ClCompile Include="TabVisitor.cpp">
      <Filter>src\exporter</Filter>
    </ClCompile>
    <ClCompile Include="Scope.cpp">
      <Filter>src\context</Filter>
    </ClCompile>
    <ClCompile Include="CppModule.cpp">
      <Filter>src\exporter\cpp</Filter>
    </ClCompile>
    <ClCompile Include="CppDeclare.cpp">
      <Filter>src\exporter\cpp</Filter>
    </ClCompile>
    <ClCompile Include="CppSerialize.cpp">
      <Filter>src\exporter\cpp</Filter>
    </ClCompile>
    <ClCompile Include="CsExporter.cpp">
      <Filter>src\exporter\csharp</Filter>
    </ClCompile>
    <ClCompile Include="CsDeclare.cpp">
      <Filter>src\exporter\csharp</Filter>
    </ClCompile>
    <ClCompile Include="CsUtility.cpp">
      <Filter>src\exporter\csharp</Filter>
    </ClCompile>
    <ClCompile Include="CsSerialize.cpp">
      <Filter>src\exporter\csharp</Filter>
    </ClCompile>
    <ClCompile Include="CsModule.cpp">
      <Filter>src\exporter\csharp</Filter>
    </ClCompile>
  </ItemGroup>
  <ItemGroup>
    <ClInclude Include="CfgDef.h">
      <Filter>src</Filter>
    </ClInclude>
    <ClInclude Include="Scanner.h">
      <Filter>src\parser</Filter>
    </ClInclude>
    <ClInclude Include="position.hh">
      <Filter>src\parser</Filter>
    </ClInclude>
    <ClInclude Include="Parser.hpp">
      <Filter>src\parser</Filter>
    </ClInclude>
    <ClInclude Include="location.hh">
      <Filter>src\parser</Filter>
    </ClInclude>
    <ClInclude Include="FlexLexer.h">
      <Filter>src\parser</Filter>
    </ClInclude>
    <ClInclude Include="stack.hh">
      <Filter>src\parser</Filter>
    </ClInclude>
    <ClInclude Include="Context.h">
      <Filter>src\context</Filter>
    </ClInclude>
    <ClInclude Include="Variate.h">
      <Filter>src\context</Filter>
    </ClInclude>
    <ClInclude Include="Utility.h">
      <Filter>src\utility</Filter>
    </ClInclude>
    <ClInclude Include="ValueUtil.h">
      <Filter>src\utility</Filter>
    </ClInclude>
    <ClInclude Include="Value.h">
      <Filter>src\context</Filter>
    </ClInclude>
    <ClInclude Include="Type.h">
      <Filter>src\context</Filter>
    </ClInclude>
    <ClInclude Include="Set.h">
      <Filter>src\context</Filter>
    </ClInclude>
    <ClInclude Include="TupleLogger.h">
      <Filter>src\utility</Filter>
    </ClInclude>
    <ClInclude Include="CppExporter.h">
      <Filter>src\exporter\cpp</Filter>
    </ClInclude>
    <ClInclude Include="CppUtil.h">
      <Filter>src\exporter\cpp</Filter>
    </ClInclude>
    <ClInclude Include="FileData.h">
      <Filter>src\context</Filter>
    </ClInclude>
    <ClInclude Include="TabCreater.h">
      <Filter>src\exporter\cfg</Filter>
    </ClInclude>
    <ClInclude Include="JsonCreater.h">
      <Filter>src\exporter\cfg</Filter>
    </ClInclude>
    <ClInclude Include="Driver.h">
      <Filter>src\context</Filter>
    </ClInclude>
    <ClInclude Include="TabVisitor.h">
      <Filter>src\exporter</Filter>
    </ClInclude>
    <ClInclude Include="Interface.h">
      <Filter>src</Filter>
    </ClInclude>
    <ClInclude Include="Scope.h">
      <Filter>src\context</Filter>
    </ClInclude>
    <ClInclude Include="CppModule.h">
      <Filter>src\exporter\cpp</Filter>
    </ClInclude>
    <ClInclude Include="CppDeclare.h">
      <Filter>src\exporter\cpp</Filter>
    </ClInclude>
    <ClInclude Include="CppTab.h">
      <Filter>src\exporter\cpp</Filter>
    </ClInclude>
    <ClInclude Include="CppJson.h">
      <Filter>src\exporter\cpp</Filter>
    </ClInclude>
    <ClInclude Include="CppLogger.h">
      <Filter>src\exporter\cpp</Filter>
    </ClInclude>
    <ClInclude Include="CppSerialize.h">
      <Filter>src\exporter\cpp</Filter>
    </ClInclude>
    <ClInclude Include="CsExporter.h">
      <Filter>src\exporter\csharp</Filter>
    </ClInclude>
    <ClInclude Include="CsDeclare.h">
      <Filter>src\exporter\csharp</Filter>
    </ClInclude>
    <ClInclude Include="CsUtility.h">
      <Filter>src\exporter\csharp</Filter>
    </ClInclude>
    <ClInclude Include="CsSerialize.h">
      <Filter>src\exporter\csharp</Filter>
    </ClInclude>
    <ClInclude Include="CsModule.h">
      <Filter>src\exporter\csharp</Filter>
    </ClInclude>
  </ItemGroup>
  <ItemGroup>
    <None Include="fb\parser.y">
      <Filter>fb</Filter>
    </None>
    <None Include="fb\scanner.l">
      <Filter>fb</Filter>
    </None>
  </ItemGroup>
</Project>