<?xml version="1.0" encoding="utf-8"?>
<Project ToolsVersion="4.0" xmlns="http://schemas.microsoft.com/developer/msbuild/2003">
  <ItemGroup>
    <Filter Include="gcf">
      <UniqueIdentifier>{4FC737F1-C7A5-4376-A066-2A32D752A2FF}</UniqueIdentifier>
      <Extensions>cpp;c;cc;cxx;def;odl;idl;hpj;bat;asm;asmx</Extensions>
    </Filter>
    <Filter Include="gcf\cross_call">
      <UniqueIdentifier>{1f2a990a-f7d9-43cb-b572-d5c3dd32bc2b}</UniqueIdentifier>
    </Filter>
    <Filter Include="gcf\serialize">
      <UniqueIdentifier>{b470d53c-3c1a-4688-b622-8978a073c70b}</UniqueIdentifier>
    </Filter>
    <Filter Include="gcf\tab">
      <UniqueIdentifier>{d2ddb9b0-23f1-4f3a-898b-10efcbd4c970}</UniqueIdentifier>
    </Filter>
  </ItemGroup>
  <ItemGroup>
    <ClInclude Include="src\gcf\gcf.h">
      <Filter>gcf</Filter>
    </ClInclude>
    <ClInclude Include="src\gcf\serialize\ISerialize.h">
      <Filter>gcf\serialize</Filter>
    </ClInclude>
    <ClInclude Include="src\gcf\serialize\SerUtility.h">
      <Filter>gcf\serialize</Filter>
    </ClInclude>
    <ClInclude Include="src\gcf\cross_call\Binary.h">
      <Filter>gcf\cross_call</Filter>
    </ClInclude>
    <ClInclude Include="src\gcf\cross_call\ICrossCall.h">
      <Filter>gcf\cross_call</Filter>
    </ClInclude>
    <ClInclude Include="src\gcf\cross_call\Station.h">
      <Filter>gcf\cross_call</Filter>
    </ClInclude>
    <ClInclude Include="src\gcf\cross_call\SwapBuffer.h">
      <Filter>gcf\cross_call</Filter>
    </ClInclude>
    <ClInclude Include="src\gcf\tab\TabDef.h">
      <Filter>gcf\tab</Filter>
    </ClInclude>
    <ClInclude Include="src\gcf\tab\Parser.h">
      <Filter>gcf\tab</Filter>
    </ClInclude>
    <ClInclude Include="src\gcf\tab\IndexMap.h">
      <Filter>gcf\tab</Filter>
    </ClInclude>
    <ClInclude Include="src\gcf\tab\Data.h">
      <Filter>gcf\tab</Filter>
    </ClInclude>
    <ClInclude Include="src\gcf\tab\TextLoader.h">
      <Filter>gcf\tab</Filter>
    </ClInclude>
    <ClInclude Include="src\gcf\tab\FileData.h">
      <Filter>gcf\tab</Filter>
    </ClInclude>
    <ClInclude Include="src\gcf\serialize\SerBinary.h">
      <Filter>gcf\serialize</Filter>
    </ClInclude>
    <ClInclude Include="src\gcf\serialize\SerText.h">
      <Filter>gcf\serialize</Filter>
    </ClInclude>
  </ItemGroup>
  <ItemGroup>
    <ClCompile Include="src\gcf\serialize\SerUtility.cpp">
      <Filter>gcf\serialize</Filter>
    </ClCompile>
    <ClCompile Include="src\gcf\cross_call\Binary.cpp">
      <Filter>gcf\cross_call</Filter>
    </ClCompile>
    <ClCompile Include="src\gcf\cross_call\Station.cpp">
      <Filter>gcf\cross_call</Filter>
    </ClCompile>
    <ClCompile Include="src\gcf\cross_call\SwapBuffer.cpp">
      <Filter>gcf\cross_call</Filter>
    </ClCompile>
    <ClCompile Include="src\gcf\tab\Parser.cpp">
      <Filter>gcf\tab</Filter>
    </ClCompile>
    <ClCompile Include="src\gcf\tab\IndexMap.cpp">
      <Filter>gcf\tab</Filter>
    </ClCompile>
    <ClCompile Include="src\gcf\tab\FileData.cpp">
      <Filter>gcf\tab</Filter>
    </ClCompile>
    <ClCompile Include="src\gcf\serialize\SerText.cpp">
      <Filter>gcf\serialize</Filter>
    </ClCompile>
    <ClCompile Include="src\gcf\serialize\SerBinary.cpp">
      <Filter>gcf\serialize</Filter>
    </ClCompile>
  </ItemGroup>
</Project>