<?xml version="1.0" encoding="utf-8"?>
<Project ToolsVersion="4.0" xmlns="http://schemas.microsoft.com/developer/msbuild/2003">
  <ItemGroup>
    <Filter Include="src">
      <UniqueIdentifier>{93995380-89BD-4b04-88EB-625FBE52EBFB}</UniqueIdentifier>
      <Extensions>h;hh;hpp;hxx;hm;inl;inc;xsd</Extensions>
    </Filter>
    <Filter Include="fb">
      <UniqueIdentifier>{aecb4e16-1b29-43a6-96ad-b99fdd66f7ec}</UniqueIdentifier>
    </Filter>
    <Filter Include="src\fb">
      <UniqueIdentifier>{7b2e8ade-0bb8-485e-8c67-1fd01ed5b49b}</UniqueIdentifier>
    </Filter>
    <Filter Include="src\context">
      <UniqueIdentifier>{9a4ae8d7-76a7-40bc-a0c9-4e54b55af57a}</UniqueIdentifier>
    </Filter>
    <Filter Include="src\util">
      <UniqueIdentifier>{144d3f3e-71ea-4961-abfa-654a5e3a51c0}</UniqueIdentifier>
    </Filter>
    <Filter Include="src\export">
      <UniqueIdentifier>{91122456-8509-4b2c-915d-aba3d502e33d}</UniqueIdentifier>
    </Filter>
    <Filter Include="src\export\cpp">
      <UniqueIdentifier>{474be6da-f9fa-4177-a0d7-2dc77372bade}</UniqueIdentifier>
    </Filter>
  </ItemGroup>
  <ItemGroup>
    <ClCompile Include="main.cpp">
      <Filter>src</Filter>
    </ClCompile>
    <ClCompile Include="Driver.cpp">
      <Filter>src</Filter>
    </ClCompile>
    <ClCompile Include="CfgFlexLexer.cpp">
      <Filter>src\fb</Filter>
    </ClCompile>
    <ClCompile Include="Scanner.cpp">
      <Filter>src\fb</Filter>
    </ClCompile>
    <ClCompile Include="Parser.cpp">
      <Filter>src\fb</Filter>
    </ClCompile>
    <ClCompile Include="Context.cpp">
      <Filter>src\context</Filter>
    </ClCompile>
    <ClCompile Include="Variate.cpp">
      <Filter>src\context</Filter>
    </ClCompile>
    <ClCompile Include="Utility.cpp">
      <Filter>src\util</Filter>
    </ClCompile>
    <ClCompile Include="ValueUtil.cpp">
      <Filter>src\util</Filter>
    </ClCompile>
    <ClCompile Include="Type.cpp">
      <Filter>src\context</Filter>
    </ClCompile>
    <ClCompile Include="Set.cpp">
      <Filter>src\context</Filter>
    </ClCompile>
    <ClCompile Include="Value.cpp">
      <Filter>src\context</Filter>
    </ClCompile>
    <ClCompile Include="CppExporter.cpp">
      <Filter>src\export\cpp</Filter>
    </ClCompile>
    <ClCompile Include="CppStruct.cpp">
      <Filter>src\export\cpp</Filter>
    </ClCompile>
    <ClCompile Include="CppUtil.cpp">
      <Filter>src\export\cpp</Filter>
    </ClCompile>
    <ClCompile Include="FileData.cpp">
      <Filter>src\context</Filter>
    </ClCompile>
  </ItemGroup>
  <ItemGroup>
    <ClInclude Include="Driver.h">
      <Filter>src</Filter>
    </ClInclude>
    <ClInclude Include="CfgDef.h">
      <Filter>src</Filter>
    </ClInclude>
    <ClInclude Include="Scanner.h">
      <Filter>src\fb</Filter>
    </ClInclude>
    <ClInclude Include="position.hh">
      <Filter>src\fb</Filter>
    </ClInclude>
    <ClInclude Include="Parser.hpp">
      <Filter>src\fb</Filter>
    </ClInclude>
    <ClInclude Include="location.hh">
      <Filter>src\fb</Filter>
    </ClInclude>
    <ClInclude Include="FlexLexer.h">
      <Filter>src\fb</Filter>
    </ClInclude>
    <ClInclude Include="stack.hh">
      <Filter>src\fb</Filter>
    </ClInclude>
    <ClInclude Include="Context.h">
      <Filter>src\context</Filter>
    </ClInclude>
    <ClInclude Include="Variate.h">
      <Filter>src\context</Filter>
    </ClInclude>
    <ClInclude Include="Utility.h">
      <Filter>src\util</Filter>
    </ClInclude>
    <ClInclude Include="ValueUtil.h">
      <Filter>src\util</Filter>
    </ClInclude>
    <ClInclude Include="Value.h">
      <Filter>src\context</Filter>
    </ClInclude>
    <ClInclude Include="Type.h">
      <Filter>src\context</Filter>
    </ClInclude>
    <ClInclude Include="Set.h">
      <Filter>src\context</Filter>
    </ClInclude>
    <ClInclude Include="TupleLogger.h">
      <Filter>src\util</Filter>
    </ClInclude>
    <ClInclude Include="IExporter.h">
      <Filter>src\export</Filter>
    </ClInclude>
    <ClInclude Include="CppExporter.h">
      <Filter>src\export\cpp</Filter>
    </ClInclude>
    <ClInclude Include="IExportObj.h">
      <Filter>src\export</Filter>
    </ClInclude>
    <ClInclude Include="CppStruct.h">
      <Filter>src\export\cpp</Filter>
    </ClInclude>
    <ClInclude Include="CppUtil.h">
      <Filter>src\export\cpp</Filter>
    </ClInclude>
    <ClInclude Include="Interface.h">
      <Filter>src\context</Filter>
    </ClInclude>
    <ClInclude Include="FileData.h">
      <Filter>src\context</Filter>
    </ClInclude>
    <ClInclude Include="Block.h">
      <Filter>src\context</Filter>
    </ClInclude>
    <ClInclude Include="TabParser.h">
      <Filter>src</Filter>
    </ClInclude>
  </ItemGroup>
  <ItemGroup>
    <None Include="fb\parser.y">
      <Filter>fb</Filter>
    </None>
    <None Include="fb\scanner.l">
      <Filter>fb</Filter>
    </None>
  </ItemGroup>
</Project>