<?xml version="1.0" encoding="utf-8"?>
<Project ToolsVersion="4.0" xmlns="http://schemas.microsoft.com/developer/msbuild/2003">
  <ItemGroup>
    <Filter Include="src">
      <UniqueIdentifier>{93995380-89BD-4b04-88EB-625FBE52EBFB}</UniqueIdentifier>
      <Extensions>h;hh;hpp;hxx;hm;inl;inc;ipp;xsd</Extensions>
    </Filter>
    <Filter Include="src\detail">
      <UniqueIdentifier>{57df5cce-daea-4261-a3b7-12c1d8956f26}</UniqueIdentifier>
    </Filter>
  </ItemGroup>
  <ItemGroup>
    <ClInclude Include="..\src\detail\_tree.h">
      <Filter>src\detail</Filter>
    </ClInclude>
    <ClInclude Include="..\src\detail\_vector.h">
      <Filter>src\detail</Filter>
    </ClInclude>
    <ClInclude Include="..\src\detail\alloc_internal.h">
      <Filter>src\detail</Filter>
    </ClInclude>
    <ClInclude Include="..\src\allocator_adapter.h">
      <Filter>src</Filter>
    </ClInclude>
    <ClInclude Include="..\src\async.h">
      <Filter>src</Filter>
    </ClInclude>
    <ClInclude Include="..\src\com_obj_ptr.h">
      <Filter>src</Filter>
    </ClInclude>
    <ClInclude Include="..\src\common.h">
      <Filter>src</Filter>
    </ClInclude>
    <ClInclude Include="..\src\data_pipe.h">
      <Filter>src</Filter>
    </ClInclude>
    <ClInclude Include="..\src\future.h">
      <Filter>src</Filter>
    </ClInclude>
    <ClInclude Include="..\src\logger.h">
      <Filter>src</Filter>
    </ClInclude>
    <ClInclude Include="..\src\particular_allocator.h">
      <Filter>src</Filter>
    </ClInclude>
    <ClInclude Include="..\src\ref_count_set.h">
      <Filter>src</Filter>
    </ClInclude>
    <ClInclude Include="..\src\ring_buffer.h">
      <Filter>src</Filter>
    </ClInclude>
    <ClInclude Include="..\src\scope.h">
      <Filter>src</Filter>
    </ClInclude>
    <ClInclude Include="..\src\scope_buffer.h">
      <Filter>src</Filter>
    </ClInclude>
    <ClInclude Include="..\src\scope_guard.h">
      <Filter>src</Filter>
    </ClInclude>
    <ClInclude Include="..\src\scope_map.h">
      <Filter>src</Filter>
    </ClInclude>
    <ClInclude Include="..\src\scope_obj_buffer.h">
      <Filter>src</Filter>
    </ClInclude>
    <ClInclude Include="..\src\scope_set.h">
      <Filter>src</Filter>
    </ClInclude>
    <ClInclude Include="..\src\scope_vector.h">
      <Filter>src</Filter>
    </ClInclude>
    <ClInclude Include="..\src\serial_allocator.h">
      <Filter>src</Filter>
    </ClInclude>
    <ClInclude Include="..\src\shared_obj_array.h">
      <Filter>src</Filter>
    </ClInclude>
    <ClInclude Include="..\src\singleton.h">
      <Filter>src</Filter>
    </ClInclude>
    <ClInclude Include="..\src\small_obj_storage.h">
      <Filter>src</Filter>
    </ClInclude>
    <ClInclude Include="..\src\spin_lock.h">
      <Filter>src</Filter>
    </ClInclude>
    <ClInclude Include="..\src\stacked_allocator.h">
      <Filter>src</Filter>
    </ClInclude>
    <ClInclude Include="..\src\step_excutor.h">
      <Filter>src</Filter>
    </ClInclude>
    <ClInclude Include="..\src\to_string.h">
      <Filter>src</Filter>
    </ClInclude>
    <ClInclude Include="..\src\weak_obj_ptr.h">
      <Filter>src</Filter>
    </ClInclude>
    <ClInclude Include="..\src\weak_obj_array.h">
      <Filter>src</Filter>
    </ClInclude>
  </ItemGroup>
  <ItemGroup>
    <ClCompile Include="..\src\async.cpp">
      <Filter>src</Filter>
    </ClCompile>
    <ClCompile Include="..\src\logger.cpp">
      <Filter>src</Filter>
    </ClCompile>
    <ClCompile Include="..\src\scope.cpp">
      <Filter>src</Filter>
    </ClCompile>
    <ClCompile Include="..\src\step_excutor.cpp">
      <Filter>src</Filter>
    </ClCompile>
  </ItemGroup>
</Project>