<?xml version="1.0" encoding="utf-8"?>
<Project ToolsVersion="4.0" xmlns="http://schemas.microsoft.com/developer/msbuild/2003">
  <ItemGroup>
    <Filter Include="src">
      <UniqueIdentifier>{4FC737F1-C7A5-4376-A066-2A32D752A2FF}</UniqueIdentifier>
      <Extensions>cpp;c;cc;cxx;def;odl;idl;hpj;bat;asm;asmx</Extensions>
    </Filter>
    <Filter Include="src\cfg">
      <UniqueIdentifier>{cbc388f9-f01d-45a0-8ec4-454e46e3c215}</UniqueIdentifier>
    </Filter>
    <Filter Include="src\gen">
      <UniqueIdentifier>{25f490cd-26f0-4cde-bb4f-aa4ada2fe91c}</UniqueIdentifier>
    </Filter>
  </ItemGroup>
  <ItemGroup>
    <ClCompile Include="main.cpp">
      <Filter>src</Filter>
    </ClCompile>
    <ClCompile Include="Cfg.cpp">
      <Filter>src\cfg</Filter>
    </ClCompile>
    <ClCompile Include="Cfg_Ser.cpp">
      <Filter>src\cfg</Filter>
    </ClCompile>
    <ClCompile Include="Station.cpp">
      <Filter>src</Filter>
    </ClCompile>
    <ClCompile Include="SerBinary.cpp">
      <Filter>src\cfg</Filter>
    </ClCompile>
    <ClCompile Include="SerUtility.cpp">
      <Filter>src\cfg</Filter>
    </ClCompile>
    <ClCompile Include="TestTmp.cpp">
      <Filter>src</Filter>
    </ClCompile>
    <ClCompile Include="OtherCpp.cpp">
      <Filter>src</Filter>
    </ClCompile>
    <ClCompile Include="Cfg_Enum.cpp">
      <Filter>src\gen</Filter>
    </ClCompile>
    <ClCompile Include="Cfg_Tab.cpp">
      <Filter>src\gen</Filter>
    </ClCompile>
  </ItemGroup>
  <ItemGroup>
    <ClInclude Include="Cfg.h">
      <Filter>src\cfg</Filter>
    </ClInclude>
    <ClInclude Include="Cfg_Ser.h">
      <Filter>src\cfg</Filter>
    </ClInclude>
    <ClInclude Include="Station.h">
      <Filter>src</Filter>
    </ClInclude>
    <ClInclude Include="ISerialize.h">
      <Filter>src\cfg</Filter>
    </ClInclude>
    <ClInclude Include="SerBinary.h">
      <Filter>src\cfg</Filter>
    </ClInclude>
    <ClInclude Include="SerUtility.h">
      <Filter>src\cfg</Filter>
    </ClInclude>
    <ClInclude Include="TestTmp.h">
      <Filter>src</Filter>
    </ClInclude>
    <ClInclude Include="Cfg_Enum.h">
      <Filter>src\gen</Filter>
    </ClInclude>
    <ClInclude Include="Cfg_Tab.h">
      <Filter>src\gen</Filter>
    </ClInclude>
  </ItemGroup>
</Project>