<?xml version="1.0" encoding="utf-8"?>
<Project ToolsVersion="4.0" xmlns="http://schemas.microsoft.com/developer/msbuild/2003">
  <ItemGroup>
    <Filter Include="src">
      <UniqueIdentifier>{4FC737F1-C7A5-4376-A066-2A32D752A2FF}</UniqueIdentifier>
      <Extensions>cpp;c;cc;cxx;def;odl;idl;hpj;bat;asm;asmx</Extensions>
    </Filter>
    <Filter Include="gen">
      <UniqueIdentifier>{2e4d0375-0e24-4785-8f09-e7938b29e393}</UniqueIdentifier>
    </Filter>
  </ItemGroup>
  <ItemGroup>
    <ClCompile Include="main.cpp">
      <Filter>src</Filter>
    </ClCompile>
    <ClCompile Include="gen\Caller.cpp">
      <Filter>gen</Filter>
    </ClCompile>
    <ClCompile Include="gen\Cfg.cpp">
      <Filter>gen</Filter>
    </ClCompile>
    <ClCompile Include="gen\Cfg_Ser.cpp">
      <Filter>gen</Filter>
    </ClCompile>
    <ClCompile Include="gen\CfgUtility.cpp">
      <Filter>gen</Filter>
    </ClCompile>
    <ClCompile Include="gen\TestC2S.cpp">
      <Filter>gen</Filter>
    </ClCompile>
    <ClCompile Include="gen\TestS2C.cpp">
      <Filter>gen</Filter>
    </ClCompile>
    <ClCompile Include="gen\Cfg_Enum.cpp">
      <Filter>gen</Filter>
    </ClCompile>
    <ClCompile Include="gen\Cfg_Tab.cpp">
      <Filter>gen</Filter>
    </ClCompile>
    <ClCompile Include="CrossStation.cpp">
      <Filter>src</Filter>
    </ClCompile>
  </ItemGroup>
  <ItemGroup>
    <ClInclude Include="gen\Caller.h">
      <Filter>gen</Filter>
    </ClInclude>
    <ClInclude Include="gen\Cfg.h">
      <Filter>gen</Filter>
    </ClInclude>
    <ClInclude Include="gen\Cfg_Ser.h">
      <Filter>gen</Filter>
    </ClInclude>
    <ClInclude Include="gen\CfgUtility.h">
      <Filter>gen</Filter>
    </ClInclude>
    <ClInclude Include="gen\TestC2S.h">
      <Filter>gen</Filter>
    </ClInclude>
    <ClInclude Include="gen\TestS2C.h">
      <Filter>gen</Filter>
    </ClInclude>
    <ClInclude Include="gen\Cfg_Enum.h">
      <Filter>gen</Filter>
    </ClInclude>
    <ClInclude Include="gen\Cfg_Tab.h">
      <Filter>gen</Filter>
    </ClInclude>
    <ClInclude Include="CrossStation.h">
      <Filter>src</Filter>
    </ClInclude>
  </ItemGroup>
</Project>