<?xml version="1.0" encoding="utf-8"?>
<Project ToolsVersion="4.0" xmlns="http://schemas.microsoft.com/developer/msbuild/2003">
  <ItemGroup>
    <Filter Include="src">
      <UniqueIdentifier>{4FC737F1-C7A5-4376-A066-2A32D752A2FF}</UniqueIdentifier>
      <Extensions>cpp;c;cc;cxx;def;odl;idl;hpj;bat;asm;asmx</Extensions>
    </Filter>
    <Filter Include="src\scoped">
      <UniqueIdentifier>{e54b6d2d-75f1-479f-974c-150c89c7ec70}</UniqueIdentifier>
    </Filter>
    <Filter Include="src\container">
      <UniqueIdentifier>{4d6b9021-34d3-47ef-8dda-855e9a96a993}</UniqueIdentifier>
    </Filter>
    <Filter Include="src\test">
      <UniqueIdentifier>{c9ca6323-17a7-4bb4-a3e2-db9679df975f}</UniqueIdentifier>
    </Filter>
  </ItemGroup>
  <ItemGroup>
    <ClInclude Include="src\scoped_buffer.h">
      <Filter>src\scoped</Filter>
    </ClInclude>
    <ClInclude Include="src\scoped_buffer_allocator.h">
      <Filter>src\scoped</Filter>
    </ClInclude>
    <ClInclude Include="src\scoped_obj_buffer.h">
      <Filter>src\scoped</Filter>
    </ClInclude>
    <ClInclude Include="src\allocator_base.h">
      <Filter>src\scoped</Filter>
    </ClInclude>
    <ClInclude Include="src\ref_count_set.h">
      <Filter>src\container</Filter>
    </ClInclude>
  </ItemGroup>
  <ItemGroup>
    <ClCompile Include="src\main.cpp">
      <Filter>src</Filter>
    </ClCompile>
    <ClCompile Include="src\scoped_buffer_test.cpp">
      <Filter>src\test</Filter>
    </ClCompile>
    <ClCompile Include="src\ref_count_set_test.cpp">
      <Filter>src\test</Filter>
    </ClCompile>
  </ItemGroup>
</Project>